
Microsoft Visual Studio Solution File, Format Version 12.00
# Visual Studio Version 17
VisualStudioVersion = 17.14.36603.0 d17.14
MinimumVisualStudioVersion = 10.0.40219.1
Project("{FAE04EC0-301F-11D3-BF4B-00C04F79EFBC}") = "FinalProgramacion", "FinalProgramacion\FinalProgramacion.csproj", "{BF639184-FBA6-4A07-9E79-8685C1BF9E5D}"
EndProject
Global
	GlobalSection(SolutionConfigurationPlatforms) = preSolution
		Debug|Any CPU = Debug|Any CPU
		Release|Any CPU = Release|Any CPU
	EndGlobalSection
	GlobalSection(ProjectConfigurationPlatforms) = postSolution
		{BF639184-FBA6-4A07-9E79-8685C1BF9E5D}.Debug|Any CPU.ActiveCfg = Debug|Any CPU
		{BF639184-FBA6-4A07-9E79-8685C1BF9E5D}.Debug|Any CPU.Build.0 = Debug|Any CPU
		{BF639184-FBA6-4A07-9E79-8685C1BF9E5D}.Release|Any CPU.ActiveCfg = Release|Any CPU
		{BF639184-FBA6-4A07-9E79-8685C1BF9E5D}.Release|Any CPU.Build.0 = Release|Any CPU
	EndGlobalSection
	GlobalSection(SolutionProperties) = preSolution
		HideSolutionNode = FALSE
	EndGlobalSection
	GlobalSection(ExtensibilityGlobals) = postSolution
		SolutionGuid = {A856946E-65ED-4453-B4E6-B8A2A8575BCF}
	EndGlobalSection
EndGlobal
